
Microsoft Visual Studio Solution File, Format Version 12.00
# Visual Studio Version 17
VisualStudioVersion = 17.0.31903.59
MinimumVisualStudioVersion = 10.0.40219.1
Project("{FAE04EC0-301F-11D3-BF4B-00C04F79EFBC}") = "RhythmFlow.Domain", "RhythmFlow.Domain\RhythmFlow.Domain.csproj", "{DB77A1D2-95B0-4834-B895-954B0AA12947}"
EndProject
Project("{FAE04EC0-301F-11D3-BF4B-00C04F79EFBC}") = "RhythmFlow.Domain.Tests", "RhythmFlow.Domain.Tests\RhythmFlow.Domain.Tests.csproj", "{7F52EE46-DE90-424F-8C5C-D258A1C20A76}"
EndProject
Project("{FAE04EC0-301F-11D3-BF4B-00C04F79EFBC}") = "RhythmFlow.Controller", "RhythmFlow.Controller\RhythmFlow.Controller.csproj", "{95025CC8-8681-4023-A08E-5613A0414969}"
EndProject
Project("{FAE04EC0-301F-11D3-BF4B-00C04F79EFBC}") = "RhythmFlow.Application", "RhythmFlow.Application\RhythmFlow.Application.csproj", "{A98B48D4-DAFC-44DA-9908-2250B0F63786}"
EndProject
Project("{FAE04EC0-301F-11D3-BF4B-00C04F79EFBC}") = "RhythmFlow.Framework", "RhythmFlow.Framework\RhythmFlow.Framework.csproj", "{4121E8ED-EB12-4A09-B267-249649745E3E}"
EndProject
Project("{FAE04EC0-301F-11D3-BF4B-00C04F79EFBC}") = "RhythmFlow.UnitTests", "RhythmFlow.UnitTests\RhythmFlow.UnitTests.csproj", "{7ABDE86D-BEE6-4D92-8748-045B58769CC4}"
EndProject
Global
	GlobalSection(SolutionConfigurationPlatforms) = preSolution
		Debug|Any CPU = Debug|Any CPU
		Release|Any CPU = Release|Any CPU
	EndGlobalSection
	GlobalSection(SolutionProperties) = preSolution
		HideSolutionNode = FALSE
	EndGlobalSection
	GlobalSection(ProjectConfigurationPlatforms) = postSolution
		{DB77A1D2-95B0-4834-B895-954B0AA12947}.Debug|Any CPU.ActiveCfg = Debug|Any CPU
		{DB77A1D2-95B0-4834-B895-954B0AA12947}.Debug|Any CPU.Build.0 = Debug|Any CPU
		{DB77A1D2-95B0-4834-B895-954B0AA12947}.Release|Any CPU.ActiveCfg = Release|Any CPU
		{DB77A1D2-95B0-4834-B895-954B0AA12947}.Release|Any CPU.Build.0 = Release|Any CPU
		{7F52EE46-DE90-424F-8C5C-D258A1C20A76}.Debug|Any CPU.ActiveCfg = Debug|Any CPU
		{7F52EE46-DE90-424F-8C5C-D258A1C20A76}.Debug|Any CPU.Build.0 = Debug|Any CPU
		{7F52EE46-DE90-424F-8C5C-D258A1C20A76}.Release|Any CPU.ActiveCfg = Release|Any CPU
		{7F52EE46-DE90-424F-8C5C-D258A1C20A76}.Release|Any CPU.Build.0 = Release|Any CPU
		{95025CC8-8681-4023-A08E-5613A0414969}.Debug|Any CPU.ActiveCfg = Debug|Any CPU
		{95025CC8-8681-4023-A08E-5613A0414969}.Debug|Any CPU.Build.0 = Debug|Any CPU
		{95025CC8-8681-4023-A08E-5613A0414969}.Release|Any CPU.ActiveCfg = Release|Any CPU
		{95025CC8-8681-4023-A08E-5613A0414969}.Release|Any CPU.Build.0 = Release|Any CPU
		{A98B48D4-DAFC-44DA-9908-2250B0F63786}.Debug|Any CPU.ActiveCfg = Debug|Any CPU
		{A98B48D4-DAFC-44DA-9908-2250B0F63786}.Debug|Any CPU.Build.0 = Debug|Any CPU
		{A98B48D4-DAFC-44DA-9908-2250B0F63786}.Release|Any CPU.ActiveCfg = Release|Any CPU
		{A98B48D4-DAFC-44DA-9908-2250B0F63786}.Release|Any CPU.Build.0 = Release|Any CPU
		{931D912B-3F57-4982-B385-B35C606DEF93}.Debug|Any CPU.ActiveCfg = Debug|Any CPU
		{931D912B-3F57-4982-B385-B35C606DEF93}.Debug|Any CPU.Build.0 = Debug|Any CPU
		{931D912B-3F57-4982-B385-B35C606DEF93}.Release|Any CPU.ActiveCfg = Release|Any CPU
		{931D912B-3F57-4982-B385-B35C606DEF93}.Release|Any CPU.Build.0 = Release|Any CPU
		{4121E8ED-EB12-4A09-B267-249649745E3E}.Debug|Any CPU.ActiveCfg = Debug|Any CPU
		{4121E8ED-EB12-4A09-B267-249649745E3E}.Debug|Any CPU.Build.0 = Debug|Any CPU
		{4121E8ED-EB12-4A09-B267-249649745E3E}.Release|Any CPU.ActiveCfg = Release|Any CPU
		{4121E8ED-EB12-4A09-B267-249649745E3E}.Release|Any CPU.Build.0 = Release|Any CPU
		{7ABDE86D-BEE6-4D92-8748-045B58769CC4}.Debug|Any CPU.ActiveCfg = Debug|Any CPU
		{7ABDE86D-BEE6-4D92-8748-045B58769CC4}.Debug|Any CPU.Build.0 = Debug|Any CPU
		{7ABDE86D-BEE6-4D92-8748-045B58769CC4}.Release|Any CPU.ActiveCfg = Release|Any CPU
		{7ABDE86D-BEE6-4D92-8748-045B58769CC4}.Release|Any CPU.Build.0 = Release|Any CPU
	EndGlobalSection
EndGlobal
